
Microsoft Visual Studio Solution File, Format Version 12.00
# Visual Studio 15
VisualStudioVersion = 15.0.27130.2020
MinimumVisualStudioVersion = 10.0.40219.1
Project("{FAE04EC0-301F-11D3-BF4B-00C04F79EFBC}") = "Spreadsheet", "Spreadsheet\Spreadsheet.csproj", "{683727D6-DDF1-4BEF-A4BD-F61E026A0E51}"
EndProject
Project("{FAE04EC0-301F-11D3-BF4B-00C04F79EFBC}") = "SpreadsheetEngine", "SpreadsheetEngine\SpreadsheetEngine.csproj", "{A832BD4E-C9C7-4E93-AFEC-6CFD62BD8A5D}"
EndProject
Global
	GlobalSection(SolutionConfigurationPlatforms) = preSolution
		Debug|Any CPU = Debug|Any CPU
		Release|Any CPU = Release|Any CPU
	EndGlobalSection
	GlobalSection(ProjectConfigurationPlatforms) = postSolution
		{683727D6-DDF1-4BEF-A4BD-F61E026A0E51}.Debug|Any CPU.ActiveCfg = Debug|Any CPU
		{683727D6-DDF1-4BEF-A4BD-F61E026A0E51}.Debug|Any CPU.Build.0 = Debug|Any CPU
		{683727D6-DDF1-4BEF-A4BD-F61E026A0E51}.Release|Any CPU.ActiveCfg = Release|Any CPU
		{683727D6-DDF1-4BEF-A4BD-F61E026A0E51}.Release|Any CPU.Build.0 = Release|Any CPU
		{A832BD4E-C9C7-4E93-AFEC-6CFD62BD8A5D}.Debug|Any CPU.ActiveCfg = Debug|Any CPU
		{A832BD4E-C9C7-4E93-AFEC-6CFD62BD8A5D}.Debug|Any CPU.Build.0 = Debug|Any CPU
		{A832BD4E-C9C7-4E93-AFEC-6CFD62BD8A5D}.Release|Any CPU.ActiveCfg = Release|Any CPU
		{A832BD4E-C9C7-4E93-AFEC-6CFD62BD8A5D}.Release|Any CPU.Build.0 = Release|Any CPU
	EndGlobalSection
	GlobalSection(SolutionProperties) = preSolution
		HideSolutionNode = FALSE
	EndGlobalSection
	GlobalSection(ExtensibilityGlobals) = postSolution
		SolutionGuid = {496716F1-CA17-4FE4-900B-A0EF5DBD39B4}
	EndGlobalSection
EndGlobal
